
Microsoft Visual Studio Solution File, Format Version 12.00
# Visual Studio 15
VisualStudioVersion = 15.0.27703.2047
MinimumVisualStudioVersion = 10.0.40219.1
Project("{2150E333-8FDC-42A3-9474-1A3956D46DE8}") = "01.UnitTest", "01.UnitTest", "{FB6F41B5-3314-4FA9-BFC3-BF8D201246DC}"
EndProject
Project("{FAE04EC0-301F-11D3-BF4B-00C04F79EFBC}") = "Absorb.UnitTest.Sample", "Absorb.UnitTest.Sample\Absorb.UnitTest.Sample.csproj", "{FAB2F25A-D7EE-46BB-A94B-3DBA1E5B7DEB}"
EndProject
Project("{FAE04EC0-301F-11D3-BF4B-00C04F79EFBC}") = "Absorb.UnitTest.Sample.Tests", "Absorb.UnitTest.Sample.Tests\Absorb.UnitTest.Sample.Tests.csproj", "{9FA24DCE-6D27-4F71-AE33-9D688DC341BE}"
EndProject
Project("{2150E333-8FDC-42A3-9474-1A3956D46DE8}") = "02.ProtoActor", "02.ProtoActor", "{BB8DD19A-8007-47FD-8893-9429E39B3FE0}"
EndProject
Project("{FAE04EC0-301F-11D3-BF4B-00C04F79EFBC}") = "Absorb.ProtoActor.HelloWorld", "Absorb.ProtoActor.HelloWorld\Absorb.ProtoActor.HelloWorld.csproj", "{A780545C-28A5-41D5-BC83-D5F79C934E3D}"
EndProject
Project("{2150E333-8FDC-42A3-9474-1A3956D46DE8}") = "03.DotNetCore", "03.DotNetCore", "{F2F29971-DF7C-4520-9265-21E88E40372D}"
EndProject
Project("{9A19103F-16F7-4668-BE54-9A1E7A4F7556}") = "Absorb.DotNetCore.UtilityLibraries", "Absorb.DotNetCore.UtilityLibraries\Absorb.DotNetCore.UtilityLibraries.csproj", "{D6EA6D97-0224-41FB-B84F-DE00127C6678}"
EndProject
Project("{2150E333-8FDC-42A3-9474-1A3956D46DE8}") = "04.DataStructure", "04.DataStructure", "{FAD5AA2C-B792-4100-9D92-3FCA8AE2EB1D}"
EndProject
Project("{9A19103F-16F7-4668-BE54-9A1E7A4F7556}") = "Absorb.DataStructure.ArrayList", "Absorb.DataStructure.ArrayList\Absorb.DataStructure.ArrayList.csproj", "{12F17F2B-2A8C-422C-BC6C-F17A2252994A}"
EndProject
Project("{9A19103F-16F7-4668-BE54-9A1E7A4F7556}") = "Absorb.DataStructure.LinkedList", "Absorb.DataStructure.LinkedList\Absorb.DataStructure.LinkedList.csproj", "{37C036B0-EC5A-4E7A-87AB-A8D1A135037A}"
EndProject
Project("{9A19103F-16F7-4668-BE54-9A1E7A4F7556}") = "Absorb.UnitTest.Sample2", "Absorb.UnitTest.Sample2\Absorb.UnitTest.Sample2.csproj", "{B5E2F694-D3A5-454E-ABE5-F74A00383E39}"
EndProject
Project("{2150E333-8FDC-42A3-9474-1A3956D46DE8}") = "00.Code", "00.Code", "{0B075F6C-D8D8-4B9D-B896-1DA798D73129}"
EndProject
Project("{FAE04EC0-301F-11D3-BF4B-00C04F79EFBC}") = "Absorb.Code.Demo", "Absorb.Code.Demo\Absorb.Code.Demo.csproj", "{5AE30A54-D5E6-4DA0-9940-8E03C00B56C2}"
EndProject
Project("{FAE04EC0-301F-11D3-BF4B-00C04F79EFBC}") = "Absorb.Code.Demo.Console", "Absorb.Code.Demo.Console\Absorb.Code.Demo.Console.csproj", "{51764376-58D0-4840-862E-90EF5145F09C}"
EndProject
Global
	GlobalSection(SolutionConfigurationPlatforms) = preSolution
		Debug|Any CPU = Debug|Any CPU
		Release|Any CPU = Release|Any CPU
	EndGlobalSection
	GlobalSection(ProjectConfigurationPlatforms) = postSolution
		{FAB2F25A-D7EE-46BB-A94B-3DBA1E5B7DEB}.Debug|Any CPU.ActiveCfg = Debug|Any CPU
		{FAB2F25A-D7EE-46BB-A94B-3DBA1E5B7DEB}.Debug|Any CPU.Build.0 = Debug|Any CPU
		{FAB2F25A-D7EE-46BB-A94B-3DBA1E5B7DEB}.Release|Any CPU.ActiveCfg = Release|Any CPU
		{FAB2F25A-D7EE-46BB-A94B-3DBA1E5B7DEB}.Release|Any CPU.Build.0 = Release|Any CPU
		{9FA24DCE-6D27-4F71-AE33-9D688DC341BE}.Debug|Any CPU.ActiveCfg = Debug|Any CPU
		{9FA24DCE-6D27-4F71-AE33-9D688DC341BE}.Debug|Any CPU.Build.0 = Debug|Any CPU
		{9FA24DCE-6D27-4F71-AE33-9D688DC341BE}.Release|Any CPU.ActiveCfg = Release|Any CPU
		{9FA24DCE-6D27-4F71-AE33-9D688DC341BE}.Release|Any CPU.Build.0 = Release|Any CPU
		{A780545C-28A5-41D5-BC83-D5F79C934E3D}.Debug|Any CPU.ActiveCfg = Debug|Any CPU
		{A780545C-28A5-41D5-BC83-D5F79C934E3D}.Debug|Any CPU.Build.0 = Debug|Any CPU
		{A780545C-28A5-41D5-BC83-D5F79C934E3D}.Release|Any CPU.ActiveCfg = Release|Any CPU
		{A780545C-28A5-41D5-BC83-D5F79C934E3D}.Release|Any CPU.Build.0 = Release|Any CPU
		{D6EA6D97-0224-41FB-B84F-DE00127C6678}.Debug|Any CPU.ActiveCfg = Debug|Any CPU
		{D6EA6D97-0224-41FB-B84F-DE00127C6678}.Debug|Any CPU.Build.0 = Debug|Any CPU
		{D6EA6D97-0224-41FB-B84F-DE00127C6678}.Release|Any CPU.ActiveCfg = Release|Any CPU
		{D6EA6D97-0224-41FB-B84F-DE00127C6678}.Release|Any CPU.Build.0 = Release|Any CPU
		{12F17F2B-2A8C-422C-BC6C-F17A2252994A}.Debug|Any CPU.ActiveCfg = Debug|Any CPU
		{12F17F2B-2A8C-422C-BC6C-F17A2252994A}.Debug|Any CPU.Build.0 = Debug|Any CPU
		{12F17F2B-2A8C-422C-BC6C-F17A2252994A}.Release|Any CPU.ActiveCfg = Release|Any CPU
		{12F17F2B-2A8C-422C-BC6C-F17A2252994A}.Release|Any CPU.Build.0 = Release|Any CPU
		{37C036B0-EC5A-4E7A-87AB-A8D1A135037A}.Debug|Any CPU.ActiveCfg = Debug|Any CPU
		{37C036B0-EC5A-4E7A-87AB-A8D1A135037A}.Debug|Any CPU.Build.0 = Debug|Any CPU
		{37C036B0-EC5A-4E7A-87AB-A8D1A135037A}.Release|Any CPU.ActiveCfg = Release|Any CPU
		{37C036B0-EC5A-4E7A-87AB-A8D1A135037A}.Release|Any CPU.Build.0 = Release|Any CPU
		{B5E2F694-D3A5-454E-ABE5-F74A00383E39}.Debug|Any CPU.ActiveCfg = Debug|Any CPU
		{B5E2F694-D3A5-454E-ABE5-F74A00383E39}.Debug|Any CPU.Build.0 = Debug|Any CPU
		{B5E2F694-D3A5-454E-ABE5-F74A00383E39}.Release|Any CPU.ActiveCfg = Release|Any CPU
		{B5E2F694-D3A5-454E-ABE5-F74A00383E39}.Release|Any CPU.Build.0 = Release|Any CPU
		{5AE30A54-D5E6-4DA0-9940-8E03C00B56C2}.Debug|Any CPU.ActiveCfg = Debug|Any CPU
		{5AE30A54-D5E6-4DA0-9940-8E03C00B56C2}.Debug|Any CPU.Build.0 = Debug|Any CPU
		{5AE30A54-D5E6-4DA0-9940-8E03C00B56C2}.Release|Any CPU.ActiveCfg = Release|Any CPU
		{5AE30A54-D5E6-4DA0-9940-8E03C00B56C2}.Release|Any CPU.Build.0 = Release|Any CPU
		{51764376-58D0-4840-862E-90EF5145F09C}.Debug|Any CPU.ActiveCfg = Debug|Any CPU
		{51764376-58D0-4840-862E-90EF5145F09C}.Debug|Any CPU.Build.0 = Debug|Any CPU
		{51764376-58D0-4840-862E-90EF5145F09C}.Release|Any CPU.ActiveCfg = Release|Any CPU
		{51764376-58D0-4840-862E-90EF5145F09C}.Release|Any CPU.Build.0 = Release|Any CPU
	EndGlobalSection
	GlobalSection(SolutionProperties) = preSolution
		HideSolutionNode = FALSE
	EndGlobalSection
	GlobalSection(NestedProjects) = preSolution
		{FAB2F25A-D7EE-46BB-A94B-3DBA1E5B7DEB} = {FB6F41B5-3314-4FA9-BFC3-BF8D201246DC}
		{9FA24DCE-6D27-4F71-AE33-9D688DC341BE} = {FB6F41B5-3314-4FA9-BFC3-BF8D201246DC}
		{A780545C-28A5-41D5-BC83-D5F79C934E3D} = {BB8DD19A-8007-47FD-8893-9429E39B3FE0}
		{D6EA6D97-0224-41FB-B84F-DE00127C6678} = {F2F29971-DF7C-4520-9265-21E88E40372D}
		{12F17F2B-2A8C-422C-BC6C-F17A2252994A} = {FAD5AA2C-B792-4100-9D92-3FCA8AE2EB1D}
		{37C036B0-EC5A-4E7A-87AB-A8D1A135037A} = {FAD5AA2C-B792-4100-9D92-3FCA8AE2EB1D}
		{B5E2F694-D3A5-454E-ABE5-F74A00383E39} = {FB6F41B5-3314-4FA9-BFC3-BF8D201246DC}
		{5AE30A54-D5E6-4DA0-9940-8E03C00B56C2} = {0B075F6C-D8D8-4B9D-B896-1DA798D73129}
		{51764376-58D0-4840-862E-90EF5145F09C} = {0B075F6C-D8D8-4B9D-B896-1DA798D73129}
	EndGlobalSection
	GlobalSection(ExtensibilityGlobals) = postSolution
		SolutionGuid = {4E3B4A66-13C8-4140-AD99-B3A830632029}
	EndGlobalSection
EndGlobal
